// !$*UTF8*$!
{
	archiveVersion = 1;
	classes = {
	};
	objectVersion = 46;
	objects = {

/* Begin PBXBuildFile section */
		02683E59E2E590BB0B9CC876 /* Pods_Virtual_TouristTests.framework in Frameworks */ = {isa = PBXBuildFile; fileRef = 0E3BBB8B0650675B536207BD /* Pods_Virtual_TouristTests.framework */; };
		3D7A2A68E49B6C3C63D3E63A /* Pods_Virtual_Tourist.framework in Frameworks */ = {isa = PBXBuildFile; fileRef = 38D86A3B241DFB2C545F8681 /* Pods_Virtual_Tourist.framework */; };
		8705834B75DC373A6E745CF1 /* Pods_Virtual_TouristUITests.framework in Frameworks */ = {isa = PBXBuildFile; fileRef = 8F353CA6112EB8527A3E6F8F /* Pods_Virtual_TouristUITests.framework */; };
		8C0C0D661C9BA6A20011D2F1 /* DataManager.swift in Sources */ = {isa = PBXBuildFile; fileRef = 8C0C0D651C9BA6A20011D2F1 /* DataManager.swift */; };
		8C0C0D671C9BA6A20011D2F1 /* DataManager.swift in Sources */ = {isa = PBXBuildFile; fileRef = 8C0C0D651C9BA6A20011D2F1 /* DataManager.swift */; };
		8C0C0D681C9BA6A20011D2F1 /* DataManager.swift in Sources */ = {isa = PBXBuildFile; fileRef = 8C0C0D651C9BA6A20011D2F1 /* DataManager.swift */; };
		8C0C0D6A1C9BACC60011D2F1 /* NetworkManager.swift in Sources */ = {isa = PBXBuildFile; fileRef = 8C0C0D691C9BACC60011D2F1 /* NetworkManager.swift */; };
		8C0C0D6B1C9BACC60011D2F1 /* NetworkManager.swift in Sources */ = {isa = PBXBuildFile; fileRef = 8C0C0D691C9BACC60011D2F1 /* NetworkManager.swift */; };
		8C0C0D6C1C9BACC60011D2F1 /* NetworkManager.swift in Sources */ = {isa = PBXBuildFile; fileRef = 8C0C0D691C9BACC60011D2F1 /* NetworkManager.swift */; };
		8C0C0D721C9BAFEC0011D2F1 /* GCDBlackBox.swift in Sources */ = {isa = PBXBuildFile; fileRef = 8C0C0D711C9BAFEC0011D2F1 /* GCDBlackBox.swift */; };
		8C0C0D731C9BAFEC0011D2F1 /* GCDBlackBox.swift in Sources */ = {isa = PBXBuildFile; fileRef = 8C0C0D711C9BAFEC0011D2F1 /* GCDBlackBox.swift */; };
		8C0C0D741C9BAFEC0011D2F1 /* GCDBlackBox.swift in Sources */ = {isa = PBXBuildFile; fileRef = 8C0C0D711C9BAFEC0011D2F1 /* GCDBlackBox.swift */; };
		8C0C0D761C9BDDE10011D2F1 /* Constants.swift in Sources */ = {isa = PBXBuildFile; fileRef = 8C0C0D751C9BDDE10011D2F1 /* Constants.swift */; };
		8C0C0D771C9BDDE10011D2F1 /* Constants.swift in Sources */ = {isa = PBXBuildFile; fileRef = 8C0C0D751C9BDDE10011D2F1 /* Constants.swift */; };
		8C0C0D781C9BDDE10011D2F1 /* Constants.swift in Sources */ = {isa = PBXBuildFile; fileRef = 8C0C0D751C9BDDE10011D2F1 /* Constants.swift */; };
		8C0C0D7A1C9BFE9B0011D2F1 /* PhotoCollectionViewCell.swift in Sources */ = {isa = PBXBuildFile; fileRef = 8C0C0D791C9BFE9B0011D2F1 /* PhotoCollectionViewCell.swift */; };
		8C0C0D7B1C9BFE9B0011D2F1 /* PhotoCollectionViewCell.swift in Sources */ = {isa = PBXBuildFile; fileRef = 8C0C0D791C9BFE9B0011D2F1 /* PhotoCollectionViewCell.swift */; };
		8C0C0D7C1C9BFE9B0011D2F1 /* PhotoCollectionViewCell.swift in Sources */ = {isa = PBXBuildFile; fileRef = 8C0C0D791C9BFE9B0011D2F1 /* PhotoCollectionViewCell.swift */; };
		8C3251C11C998495009BA563 /* AppDelegate.swift in Sources */ = {isa = PBXBuildFile; fileRef = 8C3251C01C998495009BA563 /* AppDelegate.swift */; };
		8C3251C61C998496009BA563 /* Main.storyboard in Resources */ = {isa = PBXBuildFile; fileRef = 8C3251C41C998496009BA563 /* Main.storyboard */; };
		8C3251C91C998496009BA563 /* Virtual_Tourist.xcdatamodeld in Sources */ = {isa = PBXBuildFile; fileRef = 8C3251C71C998496009BA563 /* Virtual_Tourist.xcdatamodeld */; };
		8C3251CB1C998496009BA563 /* Assets.xcassets in Resources */ = {isa = PBXBuildFile; fileRef = 8C3251CA1C998496009BA563 /* Assets.xcassets */; };
		8C3251CE1C998496009BA563 /* LaunchScreen.storyboard in Resources */ = {isa = PBXBuildFile; fileRef = 8C3251CC1C998496009BA563 /* LaunchScreen.storyboard */; };
		8C3251D91C998496009BA563 /* Virtual_TouristTests.swift in Sources */ = {isa = PBXBuildFile; fileRef = 8C3251D81C998496009BA563 /* Virtual_TouristTests.swift */; };
		8C3251E41C998496009BA563 /* Virtual_TouristUITests.swift in Sources */ = {isa = PBXBuildFile; fileRef = 8C3251E31C998496009BA563 /* Virtual_TouristUITests.swift */; };
		8C3E7A191C9A5D4B00A9DC0F /* MapViewController.swift in Sources */ = {isa = PBXBuildFile; fileRef = 8C3E7A181C9A5D4B00A9DC0F /* MapViewController.swift */; };
		8C3E7A1A1C9A5D4B00A9DC0F /* MapViewController.swift in Sources */ = {isa = PBXBuildFile; fileRef = 8C3E7A181C9A5D4B00A9DC0F /* MapViewController.swift */; };
		8C3E7A1B1C9A5D4B00A9DC0F /* MapViewController.swift in Sources */ = {isa = PBXBuildFile; fileRef = 8C3E7A181C9A5D4B00A9DC0F /* MapViewController.swift */; };
		8C3E7A1D1C9A5D5B00A9DC0F /* PhotosViewController.swift in Sources */ = {isa = PBXBuildFile; fileRef = 8C3E7A1C1C9A5D5B00A9DC0F /* PhotosViewController.swift */; };
		8C3E7A1E1C9A5D5B00A9DC0F /* PhotosViewController.swift in Sources */ = {isa = PBXBuildFile; fileRef = 8C3E7A1C1C9A5D5B00A9DC0F /* PhotosViewController.swift */; };
		8C3E7A1F1C9A5D5B00A9DC0F /* PhotosViewController.swift in Sources */ = {isa = PBXBuildFile; fileRef = 8C3E7A1C1C9A5D5B00A9DC0F /* PhotosViewController.swift */; };
		8C3E7A241C9A5E7000A9DC0F /* Location+CoreDataProperties.swift in Sources */ = {isa = PBXBuildFile; fileRef = 8C3E7A201C9A5E7000A9DC0F /* Location+CoreDataProperties.swift */; };
		8C3E7A251C9A5E7000A9DC0F /* Location+CoreDataProperties.swift in Sources */ = {isa = PBXBuildFile; fileRef = 8C3E7A201C9A5E7000A9DC0F /* Location+CoreDataProperties.swift */; };
		8C3E7A261C9A5E7000A9DC0F /* Location+CoreDataProperties.swift in Sources */ = {isa = PBXBuildFile; fileRef = 8C3E7A201C9A5E7000A9DC0F /* Location+CoreDataProperties.swift */; };
		8C3E7A271C9A5E7000A9DC0F /* Location.swift in Sources */ = {isa = PBXBuildFile; fileRef = 8C3E7A211C9A5E7000A9DC0F /* Location.swift */; };
		8C3E7A281C9A5E7000A9DC0F /* Location.swift in Sources */ = {isa = PBXBuildFile; fileRef = 8C3E7A211C9A5E7000A9DC0F /* Location.swift */; };
		8C3E7A291C9A5E7000A9DC0F /* Location.swift in Sources */ = {isa = PBXBuildFile; fileRef = 8C3E7A211C9A5E7000A9DC0F /* Location.swift */; };
		8C3E7A2A1C9A5E7000A9DC0F /* Photo+CoreDataProperties.swift in Sources */ = {isa = PBXBuildFile; fileRef = 8C3E7A221C9A5E7000A9DC0F /* Photo+CoreDataProperties.swift */; };
		8C3E7A2B1C9A5E7000A9DC0F /* Photo+CoreDataProperties.swift in Sources */ = {isa = PBXBuildFile; fileRef = 8C3E7A221C9A5E7000A9DC0F /* Photo+CoreDataProperties.swift */; };
		8C3E7A2C1C9A5E7000A9DC0F /* Photo+CoreDataProperties.swift in Sources */ = {isa = PBXBuildFile; fileRef = 8C3E7A221C9A5E7000A9DC0F /* Photo+CoreDataProperties.swift */; };
		8C3E7A2D1C9A5E7000A9DC0F /* Photo.swift in Sources */ = {isa = PBXBuildFile; fileRef = 8C3E7A231C9A5E7000A9DC0F /* Photo.swift */; };
		8C3E7A2E1C9A5E7000A9DC0F /* Photo.swift in Sources */ = {isa = PBXBuildFile; fileRef = 8C3E7A231C9A5E7000A9DC0F /* Photo.swift */; };
		8C3E7A2F1C9A5E7000A9DC0F /* Photo.swift in Sources */ = {isa = PBXBuildFile; fileRef = 8C3E7A231C9A5E7000A9DC0F /* Photo.swift */; };
		8C3E7A311C9A862000A9DC0F /* MapKit.framework in Frameworks */ = {isa = PBXBuildFile; fileRef = 8C3E7A301C9A862000A9DC0F /* MapKit.framework */; };
		8C3E7A331C9A862600A9DC0F /* CoreLocation.framework in Frameworks */ = {isa = PBXBuildFile; fileRef = 8C3E7A321C9A862600A9DC0F /* CoreLocation.framework */; };
/* End PBXBuildFile section */

/* Begin PBXContainerItemProxy section */
		8C3251D51C998496009BA563 /* PBXContainerItemProxy */ = {
			isa = PBXContainerItemProxy;
			containerPortal = 8C3251B51C998495009BA563 /* Project object */;
			proxyType = 1;
			remoteGlobalIDString = 8C3251BC1C998495009BA563;
			remoteInfo = "Virtual Tourist";
		};
		8C3251E01C998496009BA563 /* PBXContainerItemProxy */ = {
			isa = PBXContainerItemProxy;
			containerPortal = 8C3251B51C998495009BA563 /* Project object */;
			proxyType = 1;
			remoteGlobalIDString = 8C3251BC1C998495009BA563;
			remoteInfo = "Virtual Tourist";
		};
/* End PBXContainerItemProxy section */

/* Begin PBXFileReference section */
		0E3BBB8B0650675B536207BD /* Pods_Virtual_TouristTests.framework */ = {isa = PBXFileReference; explicitFileType = wrapper.framework; includeInIndex = 0; path = Pods_Virtual_TouristTests.framework; sourceTree = BUILT_PRODUCTS_DIR; };
		38D86A3B241DFB2C545F8681 /* Pods_Virtual_Tourist.framework */ = {isa = PBXFileReference; explicitFileType = wrapper.framework; includeInIndex = 0; path = Pods_Virtual_Tourist.framework; sourceTree = BUILT_PRODUCTS_DIR; };
		493FE387127D9705B0B295DA /* Pods-Virtual TouristTests.debug.xcconfig */ = {isa = PBXFileReference; includeInIndex = 1; lastKnownFileType = text.xcconfig; name = "Pods-Virtual TouristTests.debug.xcconfig"; path = "Pods/Target Support Files/Pods-Virtual TouristTests/Pods-Virtual TouristTests.debug.xcconfig"; sourceTree = "<group>"; };
		673A9B74C458E49AB08D7644 /* Pods-Virtual TouristUITests.release.xcconfig */ = {isa = PBXFileReference; includeInIndex = 1; lastKnownFileType = text.xcconfig; name = "Pods-Virtual TouristUITests.release.xcconfig"; path = "Pods/Target Support Files/Pods-Virtual TouristUITests/Pods-Virtual TouristUITests.release.xcconfig"; sourceTree = "<group>"; };
		69A8616ABA7BA0D8C6B9F660 /* Pods-Virtual TouristTests.release.xcconfig */ = {isa = PBXFileReference; includeInIndex = 1; lastKnownFileType = text.xcconfig; name = "Pods-Virtual TouristTests.release.xcconfig"; path = "Pods/Target Support Files/Pods-Virtual TouristTests/Pods-Virtual TouristTests.release.xcconfig"; sourceTree = "<group>"; };
		8C0C0D651C9BA6A20011D2F1 /* DataManager.swift */ = {isa = PBXFileReference; fileEncoding = 4; lastKnownFileType = sourcecode.swift; path = DataManager.swift; sourceTree = "<group>"; };
		8C0C0D691C9BACC60011D2F1 /* NetworkManager.swift */ = {isa = PBXFileReference; fileEncoding = 4; lastKnownFileType = sourcecode.swift; path = NetworkManager.swift; sourceTree = "<group>"; };
		8C0C0D711C9BAFEC0011D2F1 /* GCDBlackBox.swift */ = {isa = PBXFileReference; fileEncoding = 4; lastKnownFileType = sourcecode.swift; path = GCDBlackBox.swift; sourceTree = "<group>"; };
		8C0C0D751C9BDDE10011D2F1 /* Constants.swift */ = {isa = PBXFileReference; fileEncoding = 4; lastKnownFileType = sourcecode.swift; path = Constants.swift; sourceTree = "<group>"; };
		8C0C0D791C9BFE9B0011D2F1 /* PhotoCollectionViewCell.swift */ = {isa = PBXFileReference; fileEncoding = 4; lastKnownFileType = sourcecode.swift; path = PhotoCollectionViewCell.swift; sourceTree = "<group>"; };
		8C3251BD1C998495009BA563 /* Virtual Tourist.app */ = {isa = PBXFileReference; explicitFileType = wrapper.application; includeInIndex = 0; path = "Virtual Tourist.app"; sourceTree = BUILT_PRODUCTS_DIR; };
		8C3251C01C998495009BA563 /* AppDelegate.swift */ = {isa = PBXFileReference; lastKnownFileType = sourcecode.swift; path = AppDelegate.swift; sourceTree = "<group>"; };
		8C3251C51C998496009BA563 /* Base */ = {isa = PBXFileReference; lastKnownFileType = file.storyboard; name = Base; path = Base.lproj/Main.storyboard; sourceTree = "<group>"; };
		8C3251C81C998496009BA563 /* Virtual_Tourist.xcdatamodel */ = {isa = PBXFileReference; lastKnownFileType = wrapper.xcdatamodel; path = Virtual_Tourist.xcdatamodel; sourceTree = "<group>"; };
		8C3251CA1C998496009BA563 /* Assets.xcassets */ = {isa = PBXFileReference; lastKnownFileType = folder.assetcatalog; path = Assets.xcassets; sourceTree = "<group>"; };
		8C3251CD1C998496009BA563 /* Base */ = {isa = PBXFileReference; lastKnownFileType = file.storyboard; name = Base; path = Base.lproj/LaunchScreen.storyboard; sourceTree = "<group>"; };
		8C3251CF1C998496009BA563 /* Info.plist */ = {isa = PBXFileReference; lastKnownFileType = text.plist.xml; path = Info.plist; sourceTree = "<group>"; };
		8C3251D41C998496009BA563 /* Virtual TouristTests.xctest */ = {isa = PBXFileReference; explicitFileType = wrapper.cfbundle; includeInIndex = 0; path = "Virtual TouristTests.xctest"; sourceTree = BUILT_PRODUCTS_DIR; };
		8C3251D81C998496009BA563 /* Virtual_TouristTests.swift */ = {isa = PBXFileReference; lastKnownFileType = sourcecode.swift; path = Virtual_TouristTests.swift; sourceTree = "<group>"; };
		8C3251DA1C998496009BA563 /* Info.plist */ = {isa = PBXFileReference; lastKnownFileType = text.plist.xml; path = Info.plist; sourceTree = "<group>"; };
		8C3251DF1C998496009BA563 /* Virtual TouristUITests.xctest */ = {isa = PBXFileReference; explicitFileType = wrapper.cfbundle; includeInIndex = 0; path = "Virtual TouristUITests.xctest"; sourceTree = BUILT_PRODUCTS_DIR; };
		8C3251E31C998496009BA563 /* Virtual_TouristUITests.swift */ = {isa = PBXFileReference; lastKnownFileType = sourcecode.swift; path = Virtual_TouristUITests.swift; sourceTree = "<group>"; };
		8C3251E51C998496009BA563 /* Info.plist */ = {isa = PBXFileReference; lastKnownFileType = text.plist.xml; path = Info.plist; sourceTree = "<group>"; };
		8C3E7A181C9A5D4B00A9DC0F /* MapViewController.swift */ = {isa = PBXFileReference; fileEncoding = 4; lastKnownFileType = sourcecode.swift; path = MapViewController.swift; sourceTree = "<group>"; };
		8C3E7A1C1C9A5D5B00A9DC0F /* PhotosViewController.swift */ = {isa = PBXFileReference; fileEncoding = 4; lastKnownFileType = sourcecode.swift; path = PhotosViewController.swift; sourceTree = "<group>"; };
		8C3E7A201C9A5E7000A9DC0F /* Location+CoreDataProperties.swift */ = {isa = PBXFileReference; fileEncoding = 4; lastKnownFileType = sourcecode.swift; path = "Location+CoreDataProperties.swift"; sourceTree = "<group>"; };
		8C3E7A211C9A5E7000A9DC0F /* Location.swift */ = {isa = PBXFileReference; fileEncoding = 4; lastKnownFileType = sourcecode.swift; path = Location.swift; sourceTree = "<group>"; };
		8C3E7A221C9A5E7000A9DC0F /* Photo+CoreDataProperties.swift */ = {isa = PBXFileReference; fileEncoding = 4; lastKnownFileType = sourcecode.swift; path = "Photo+CoreDataProperties.swift"; sourceTree = "<group>"; };
		8C3E7A231C9A5E7000A9DC0F /* Photo.swift */ = {isa = PBXFileReference; fileEncoding = 4; lastKnownFileType = sourcecode.swift; path = Photo.swift; sourceTree = "<group>"; };
		8C3E7A301C9A862000A9DC0F /* MapKit.framework */ = {isa = PBXFileReference; lastKnownFileType = wrapper.framework; name = MapKit.framework; path = System/Library/Frameworks/MapKit.framework; sourceTree = SDKROOT; };
		8C3E7A321C9A862600A9DC0F /* CoreLocation.framework */ = {isa = PBXFileReference; lastKnownFileType = wrapper.framework; name = CoreLocation.framework; path = System/Library/Frameworks/CoreLocation.framework; sourceTree = SDKROOT; };
		8F353CA6112EB8527A3E6F8F /* Pods_Virtual_TouristUITests.framework */ = {isa = PBXFileReference; explicitFileType = wrapper.framework; includeInIndex = 0; path = Pods_Virtual_TouristUITests.framework; sourceTree = BUILT_PRODUCTS_DIR; };
		91BC92F9DB1A63B75B0DA326 /* Pods-Virtual Tourist.debug.xcconfig */ = {isa = PBXFileReference; includeInIndex = 1; lastKnownFileType = text.xcconfig; name = "Pods-Virtual Tourist.debug.xcconfig"; path = "Pods/Target Support Files/Pods-Virtual Tourist/Pods-Virtual Tourist.debug.xcconfig"; sourceTree = "<group>"; };
		A4FEAF197F3472C1D789B6A4 /* Pods-Virtual Tourist.release.xcconfig */ = {isa = PBXFileReference; includeInIndex = 1; lastKnownFileType = text.xcconfig; name = "Pods-Virtual Tourist.release.xcconfig"; path = "Pods/Target Support Files/Pods-Virtual Tourist/Pods-Virtual Tourist.release.xcconfig"; sourceTree = "<group>"; };
		A61FB137736A2D65A1D6FD69 /* Pods-Virtual TouristUITests.debug.xcconfig */ = {isa = PBXFileReference; includeInIndex = 1; lastKnownFileType = text.xcconfig; name = "Pods-Virtual TouristUITests.debug.xcconfig"; path = "Pods/Target Support Files/Pods-Virtual TouristUITests/Pods-Virtual TouristUITests.debug.xcconfig"; sourceTree = "<group>"; };
/* End PBXFileReference section */

/* Begin PBXFrameworksBuildPhase section */
		8C3251BA1C998495009BA563 /* Frameworks */ = {
			isa = PBXFrameworksBuildPhase;
			buildActionMask = 2147483647;
			files = (
				8C3E7A331C9A862600A9DC0F /* CoreLocation.framework in Frameworks */,
				8C3E7A311C9A862000A9DC0F /* MapKit.framework in Frameworks */,
				3D7A2A68E49B6C3C63D3E63A /* Pods_Virtual_Tourist.framework in Frameworks */,
			);
			runOnlyForDeploymentPostprocessing = 0;
		};
		8C3251D11C998496009BA563 /* Frameworks */ = {
			isa = PBXFrameworksBuildPhase;
			buildActionMask = 2147483647;
			files = (
				02683E59E2E590BB0B9CC876 /* Pods_Virtual_TouristTests.framework in Frameworks */,
			);
			runOnlyForDeploymentPostprocessing = 0;
		};
		8C3251DC1C998496009BA563 /* Frameworks */ = {
			isa = PBXFrameworksBuildPhase;
			buildActionMask = 2147483647;
			files = (
				8705834B75DC373A6E745CF1 /* Pods_Virtual_TouristUITests.framework in Frameworks */,
			);
			runOnlyForDeploymentPostprocessing = 0;
		};
/* End PBXFrameworksBuildPhase section */

/* Begin PBXGroup section */
		1E0C5614ABC6A2BFAFCF16AF /* Pods */ = {
			isa = PBXGroup;
			children = (
				91BC92F9DB1A63B75B0DA326 /* Pods-Virtual Tourist.debug.xcconfig */,
				A4FEAF197F3472C1D789B6A4 /* Pods-Virtual Tourist.release.xcconfig */,
				493FE387127D9705B0B295DA /* Pods-Virtual TouristTests.debug.xcconfig */,
				69A8616ABA7BA0D8C6B9F660 /* Pods-Virtual TouristTests.release.xcconfig */,
				A61FB137736A2D65A1D6FD69 /* Pods-Virtual TouristUITests.debug.xcconfig */,
				673A9B74C458E49AB08D7644 /* Pods-Virtual TouristUITests.release.xcconfig */,
			);
			name = Pods;
			sourceTree = "<group>";
		};
		8C3251B41C998495009BA563 = {
			isa = PBXGroup;
			children = (
				8C3251BF1C998495009BA563 /* Virtual Tourist */,
				8C3251D71C998496009BA563 /* Virtual TouristTests */,
				8C3251E21C998496009BA563 /* Virtual TouristUITests */,
				8C3251BE1C998495009BA563 /* Products */,
				1E0C5614ABC6A2BFAFCF16AF /* Pods */,
				FC807A64FC6F36DBD1520A07 /* Frameworks */,
			);
			sourceTree = "<group>";
		};
		8C3251BE1C998495009BA563 /* Products */ = {
			isa = PBXGroup;
			children = (
				8C3251BD1C998495009BA563 /* Virtual Tourist.app */,
				8C3251D41C998496009BA563 /* Virtual TouristTests.xctest */,
				8C3251DF1C998496009BA563 /* Virtual TouristUITests.xctest */,
			);
			name = Products;
			sourceTree = "<group>";
		};
		8C3251BF1C998495009BA563 /* Virtual Tourist */ = {
			isa = PBXGroup;
			children = (
				8C3251C01C998495009BA563 /* AppDelegate.swift */,
				8C3E7A171C9A5CCF00A9DC0F /* Assets */,
				8C0C0D751C9BDDE10011D2F1 /* Constants.swift */,
				8C3E7A151C9A5C2900A9DC0F /* Controller */,
				8C3251CF1C998496009BA563 /* Info.plist */,
				8C3E7A131C9A5BE300A9DC0F /* Model */,
				8C3E7A161C9A5C3000A9DC0F /* Utilities */,
				8C3E7A141C9A5C2300A9DC0F /* View */,
			);
			path = "Virtual Tourist";
			sourceTree = "<group>";
		};
		8C3251D71C998496009BA563 /* Virtual TouristTests */ = {
			isa = PBXGroup;
			children = (
				8C3251D81C998496009BA563 /* Virtual_TouristTests.swift */,
				8C3251DA1C998496009BA563 /* Info.plist */,
			);
			path = "Virtual TouristTests";
			sourceTree = "<group>";
		};
		8C3251E21C998496009BA563 /* Virtual TouristUITests */ = {
			isa = PBXGroup;
			children = (
				8C3251E31C998496009BA563 /* Virtual_TouristUITests.swift */,
				8C3251E51C998496009BA563 /* Info.plist */,
			);
			path = "Virtual TouristUITests";
			sourceTree = "<group>";
		};
		8C3E7A131C9A5BE300A9DC0F /* Model */ = {
			isa = PBXGroup;
			children = (
				8C3251C71C998496009BA563 /* Virtual_Tourist.xcdatamodeld */,
				8C3E7A201C9A5E7000A9DC0F /* Location+CoreDataProperties.swift */,
				8C3E7A211C9A5E7000A9DC0F /* Location.swift */,
				8C3E7A221C9A5E7000A9DC0F /* Photo+CoreDataProperties.swift */,
				8C3E7A231C9A5E7000A9DC0F /* Photo.swift */,
			);
			name = Model;
			sourceTree = "<group>";
		};
		8C3E7A141C9A5C2300A9DC0F /* View */ = {
			isa = PBXGroup;
			children = (
				8C0C0D791C9BFE9B0011D2F1 /* PhotoCollectionViewCell.swift */,
			);
			name = View;
			sourceTree = "<group>";
		};
		8C3E7A151C9A5C2900A9DC0F /* Controller */ = {
			isa = PBXGroup;
			children = (
				8C3E7A181C9A5D4B00A9DC0F /* MapViewController.swift */,
				8C3E7A1C1C9A5D5B00A9DC0F /* PhotosViewController.swift */,
			);
			name = Controller;
			sourceTree = "<group>";
		};
		8C3E7A161C9A5C3000A9DC0F /* Utilities */ = {
			isa = PBXGroup;
			children = (
				8C0C0D711C9BAFEC0011D2F1 /* GCDBlackBox.swift */,
				8C0C0D651C9BA6A20011D2F1 /* DataManager.swift */,
				8C0C0D691C9BACC60011D2F1 /* NetworkManager.swift */,
			);
			name = Utilities;
			sourceTree = "<group>";
		};
		8C3E7A171C9A5CCF00A9DC0F /* Assets */ = {
			isa = PBXGroup;
			children = (
				8C3251CA1C998496009BA563 /* Assets.xcassets */,
				8C3251CC1C998496009BA563 /* LaunchScreen.storyboard */,
				8C3251C41C998496009BA563 /* Main.storyboard */,
			);
			name = Assets;
			sourceTree = "<group>";
		};
		FC807A64FC6F36DBD1520A07 /* Frameworks */ = {
			isa = PBXGroup;
			children = (
				8C3E7A321C9A862600A9DC0F /* CoreLocation.framework */,
				8C3E7A301C9A862000A9DC0F /* MapKit.framework */,
				38D86A3B241DFB2C545F8681 /* Pods_Virtual_Tourist.framework */,
				0E3BBB8B0650675B536207BD /* Pods_Virtual_TouristTests.framework */,
				8F353CA6112EB8527A3E6F8F /* Pods_Virtual_TouristUITests.framework */,
			);
			name = Frameworks;
			sourceTree = "<group>";
		};
/* End PBXGroup section */

/* Begin PBXNativeTarget section */
		8C3251BC1C998495009BA563 /* Virtual Tourist */ = {
			isa = PBXNativeTarget;
			buildConfigurationList = 8C3251E81C998496009BA563 /* Build configuration list for PBXNativeTarget "Virtual Tourist" */;
			buildPhases = (
				826E6F33FA0F8AF7B76BF3A3 /* Check Pods Manifest.lock */,
				8C3251B91C998495009BA563 /* Sources */,
				8C3251BA1C998495009BA563 /* Frameworks */,
				8C3251BB1C998495009BA563 /* Resources */,
				BDFAEA1B784656F3A4BADF33 /* Embed Pods Frameworks */,
				5AF3D31AB6FF12617987E9B9 /* Copy Pods Resources */,
			);
			buildRules = (
			);
			dependencies = (
			);
			name = "Virtual Tourist";
			productName = "Virtual Tourist";
			productReference = 8C3251BD1C998495009BA563 /* Virtual Tourist.app */;
			productType = "com.apple.product-type.application";
		};
		8C3251D31C998496009BA563 /* Virtual TouristTests */ = {
			isa = PBXNativeTarget;
			buildConfigurationList = 8C3251EB1C998496009BA563 /* Build configuration list for PBXNativeTarget "Virtual TouristTests" */;
			buildPhases = (
				AD7A89E2D01624BBA4CEA6E0 /* Check Pods Manifest.lock */,
				8C3251D01C998496009BA563 /* Sources */,
				8C3251D11C998496009BA563 /* Frameworks */,
				8C3251D21C998496009BA563 /* Resources */,
				8F7506FA107CA41A2AE07002 /* Embed Pods Frameworks */,
				8FB7ABC1CC720B71E79625C7 /* Copy Pods Resources */,
			);
			buildRules = (
			);
			dependencies = (
				8C3251D61C998496009BA563 /* PBXTargetDependency */,
			);
			name = "Virtual TouristTests";
			productName = "Virtual TouristTests";
			productReference = 8C3251D41C998496009BA563 /* Virtual TouristTests.xctest */;
			productType = "com.apple.product-type.bundle.unit-test";
		};
		8C3251DE1C998496009BA563 /* Virtual TouristUITests */ = {
			isa = PBXNativeTarget;
			buildConfigurationList = 8C3251EE1C998496009BA563 /* Build configuration list for PBXNativeTarget "Virtual TouristUITests" */;
			buildPhases = (
				BFE3EBFDB18EB7F9E45C9416 /* Check Pods Manifest.lock */,
				8C3251DB1C998496009BA563 /* Sources */,
				8C3251DC1C998496009BA563 /* Frameworks */,
				8C3251DD1C998496009BA563 /* Resources */,
				0492738E6E1F31D436F0650F /* Copy Pods Resources */,
			);
			buildRules = (
			);
			dependencies = (
				8C3251E11C998496009BA563 /* PBXTargetDependency */,
			);
			name = "Virtual TouristUITests";
			productName = "Virtual TouristUITests";
			productReference = 8C3251DF1C998496009BA563 /* Virtual TouristUITests.xctest */;
			productType = "com.apple.product-type.bundle.ui-testing";
		};
/* End PBXNativeTarget section */

/* Begin PBXProject section */
		8C3251B51C998495009BA563 /* Project object */ = {
			isa = PBXProject;
			attributes = {
				LastSwiftUpdateCheck = 0720;
				LastUpgradeCheck = 0720;
				ORGANIZATIONNAME = "Jovito Royeca";
				TargetAttributes = {
					8C3251BC1C998495009BA563 = {
						CreatedOnToolsVersion = 7.2;
					};
					8C3251D31C998496009BA563 = {
						CreatedOnToolsVersion = 7.2;
						TestTargetID = 8C3251BC1C998495009BA563;
					};
					8C3251DE1C998496009BA563 = {
						CreatedOnToolsVersion = 7.2;
						TestTargetID = 8C3251BC1C998495009BA563;
					};
				};
			};
			buildConfigurationList = 8C3251B81C998495009BA563 /* Build configuration list for PBXProject "Virtual Tourist" */;
			compatibilityVersion = "Xcode 3.2";
			developmentRegion = English;
			hasScannedForEncodings = 0;
			knownRegions = (
				en,
				Base,
			);
			mainGroup = 8C3251B41C998495009BA563;
			productRefGroup = 8C3251BE1C998495009BA563 /* Products */;
			projectDirPath = "";
			projectRoot = "";
			targets = (
				8C3251BC1C998495009BA563 /* Virtual Tourist */,
				8C3251D31C998496009BA563 /* Virtual TouristTests */,
				8C3251DE1C998496009BA563 /* Virtual TouristUITests */,
			);
		};
/* End PBXProject section */

/* Begin PBXResourcesBuildPhase section */
		8C3251BB1C998495009BA563 /* Resources */ = {
			isa = PBXResourcesBuildPhase;
			buildActionMask = 2147483647;
			files = (
				8C3251CE1C998496009BA563 /* LaunchScreen.storyboard in Resources */,
				8C3251CB1C998496009BA563 /* Assets.xcassets in Resources */,
				8C3251C61C998496009BA563 /* Main.storyboard in Resources */,
			);
			runOnlyForDeploymentPostprocessing = 0;
		};
		8C3251D21C998496009BA563 /* Resources */ = {
			isa = PBXResourcesBuildPhase;
			buildActionMask = 2147483647;
			files = (
			);
			runOnlyForDeploymentPostprocessing = 0;
		};
		8C3251DD1C998496009BA563 /* Resources */ = {
			isa = PBXResourcesBuildPhase;
			buildActionMask = 2147483647;
			files = (
			);
			runOnlyForDeploymentPostprocessing = 0;
		};
/* End PBXResourcesBuildPhase section */

/* Begin PBXShellScriptBuildPhase section */
		0492738E6E1F31D436F0650F /* Copy Pods Resources */ = {
			isa = PBXShellScriptBuildPhase;
			buildActionMask = 2147483647;
			files = (
			);
			inputPaths = (
			);
			name = "Copy Pods Resources";
			outputPaths = (
			);
			runOnlyForDeploymentPostprocessing = 0;
			shellPath = /bin/sh;
			shellScript = "\"${SRCROOT}/Pods/Target Support Files/Pods-Virtual TouristUITests/Pods-Virtual TouristUITests-resources.sh\"\n";
			showEnvVarsInLog = 0;
		};
		5AF3D31AB6FF12617987E9B9 /* Copy Pods Resources */ = {
			isa = PBXShellScriptBuildPhase;
			buildActionMask = 2147483647;
			files = (
			);
			inputPaths = (
			);
			name = "Copy Pods Resources";
			outputPaths = (
			);
			runOnlyForDeploymentPostprocessing = 0;
			shellPath = /bin/sh;
			shellScript = "\"${SRCROOT}/Pods/Target Support Files/Pods-Virtual Tourist/Pods-Virtual Tourist-resources.sh\"\n";
			showEnvVarsInLog = 0;
		};
		826E6F33FA0F8AF7B76BF3A3 /* Check Pods Manifest.lock */ = {
			isa = PBXShellScriptBuildPhase;
			buildActionMask = 2147483647;
			files = (
			);
			inputPaths = (
			);
			name = "Check Pods Manifest.lock";
			outputPaths = (
			);
			runOnlyForDeploymentPostprocessing = 0;
			shellPath = /bin/sh;
			shellScript = "diff \"${PODS_ROOT}/../Podfile.lock\" \"${PODS_ROOT}/Manifest.lock\" > /dev/null\nif [[ $? != 0 ]] ; then\n    cat << EOM\nerror: The sandbox is not in sync with the Podfile.lock. Run 'pod install' or update your CocoaPods installation.\nEOM\n    exit 1\nfi\n";
			showEnvVarsInLog = 0;
		};
		8F7506FA107CA41A2AE07002 /* Embed Pods Frameworks */ = {
			isa = PBXShellScriptBuildPhase;
			buildActionMask = 2147483647;
			files = (
			);
			inputPaths = (
			);
			name = "Embed Pods Frameworks";
			outputPaths = (
			);
			runOnlyForDeploymentPostprocessing = 0;
			shellPath = /bin/sh;
			shellScript = "\"${SRCROOT}/Pods/Target Support Files/Pods-Virtual TouristTests/Pods-Virtual TouristTests-frameworks.sh\"\n";
			showEnvVarsInLog = 0;
		};
		8FB7ABC1CC720B71E79625C7 /* Copy Pods Resources */ = {
			isa = PBXShellScriptBuildPhase;
			buildActionMask = 2147483647;
			files = (
			);
			inputPaths = (
			);
			name = "Copy Pods Resources";
			outputPaths = (
			);
			runOnlyForDeploymentPostprocessing = 0;
			shellPath = /bin/sh;
			shellScript = "\"${SRCROOT}/Pods/Target Support Files/Pods-Virtual TouristTests/Pods-Virtual TouristTests-resources.sh\"\n";
			showEnvVarsInLog = 0;
		};
		AD7A89E2D01624BBA4CEA6E0 /* Check Pods Manifest.lock */ = {
			isa = PBXShellScriptBuildPhase;
			buildActionMask = 2147483647;
			files = (
			);
			inputPaths = (
			);
			name = "Check Pods Manifest.lock";
			outputPaths = (
			);
			runOnlyForDeploymentPostprocessing = 0;
			shellPath = /bin/sh;
			shellScript = "diff \"${PODS_ROOT}/../Podfile.lock\" \"${PODS_ROOT}/Manifest.lock\" > /dev/null\nif [[ $? != 0 ]] ; then\n    cat << EOM\nerror: The sandbox is not in sync with the Podfile.lock. Run 'pod install' or update your CocoaPods installation.\nEOM\n    exit 1\nfi\n";
			showEnvVarsInLog = 0;
		};
		BDFAEA1B784656F3A4BADF33 /* Embed Pods Frameworks */ = {
			isa = PBXShellScriptBuildPhase;
			buildActionMask = 2147483647;
			files = (
			);
			inputPaths = (
			);
			name = "Embed Pods Frameworks";
			outputPaths = (
			);
			runOnlyForDeploymentPostprocessing = 0;
			shellPath = /bin/sh;
			shellScript = "\"${SRCROOT}/Pods/Target Support Files/Pods-Virtual Tourist/Pods-Virtual Tourist-frameworks.sh\"\n";
			showEnvVarsInLog = 0;
		};
		BFE3EBFDB18EB7F9E45C9416 /* Check Pods Manifest.lock */ = {
			isa = PBXShellScriptBuildPhase;
			buildActionMask = 2147483647;
			files = (
			);
			inputPaths = (
			);
			name = "Check Pods Manifest.lock";
			outputPaths = (
			);
			runOnlyForDeploymentPostprocessing = 0;
			shellPath = /bin/sh;
			shellScript = "diff \"${PODS_ROOT}/../Podfile.lock\" \"${PODS_ROOT}/Manifest.lock\" > /dev/null\nif [[ $? != 0 ]] ; then\n    cat << EOM\nerror: The sandbox is not in sync with the Podfile.lock. Run 'pod install' or update your CocoaPods installation.\nEOM\n    exit 1\nfi\n";
			showEnvVarsInLog = 0;
		};
/* End PBXShellScriptBuildPhase section */

/* Begin PBXSourcesBuildPhase section */
		8C3251B91C998495009BA563 /* Sources */ = {
			isa = PBXSourcesBuildPhase;
			buildActionMask = 2147483647;
			files = (
				8C3E7A2D1C9A5E7000A9DC0F /* Photo.swift in Sources */,
				8C3E7A2A1C9A5E7000A9DC0F /* Photo+CoreDataProperties.swift in Sources */,
				8C3251C91C998496009BA563 /* Virtual_Tourist.xcdatamodeld in Sources */,
				8C0C0D721C9BAFEC0011D2F1 /* GCDBlackBox.swift in Sources */,
				8C3E7A1D1C9A5D5B00A9DC0F /* PhotosViewController.swift in Sources */,
				8C3E7A191C9A5D4B00A9DC0F /* MapViewController.swift in Sources */,
				8C0C0D761C9BDDE10011D2F1 /* Constants.swift in Sources */,
				8C3251C11C998495009BA563 /* AppDelegate.swift in Sources */,
				8C0C0D6A1C9BACC60011D2F1 /* NetworkManager.swift in Sources */,
				8C3E7A271C9A5E7000A9DC0F /* Location.swift in Sources */,
				8C0C0D7A1C9BFE9B0011D2F1 /* PhotoCollectionViewCell.swift in Sources */,
				8C0C0D661C9BA6A20011D2F1 /* DataManager.swift in Sources */,
				8C3E7A241C9A5E7000A9DC0F /* Location+CoreDataProperties.swift in Sources */,
			);
			runOnlyForDeploymentPostprocessing = 0;
		};
		8C3251D01C998496009BA563 /* Sources */ = {
			isa = PBXSourcesBuildPhase;
			buildActionMask = 2147483647;
			files = (
				8C0C0D7B1C9BFE9B0011D2F1 /* PhotoCollectionViewCell.swift in Sources */,
				8C3E7A2E1C9A5E7000A9DC0F /* Photo.swift in Sources */,
				8C0C0D6B1C9BACC60011D2F1 /* NetworkManager.swift in Sources */,
				8C0C0D671C9BA6A20011D2F1 /* DataManager.swift in Sources */,
				8C0C0D731C9BAFEC0011D2F1 /* GCDBlackBox.swift in Sources */,
				8C3E7A2B1C9A5E7000A9DC0F /* Photo+CoreDataProperties.swift in Sources */,
				8C3E7A251C9A5E7000A9DC0F /* Location+CoreDataProperties.swift in Sources */,
				8C3E7A1E1C9A5D5B00A9DC0F /* PhotosViewController.swift in Sources */,
				8C3E7A281C9A5E7000A9DC0F /* Location.swift in Sources */,
				8C3251D91C998496009BA563 /* Virtual_TouristTests.swift in Sources */,
				8C3E7A1A1C9A5D4B00A9DC0F /* MapViewController.swift in Sources */,
				8C0C0D771C9BDDE10011D2F1 /* Constants.swift in Sources */,
			);
			runOnlyForDeploymentPostprocessing = 0;
		};
		8C3251DB1C998496009BA563 /* Sources */ = {
			isa = PBXSourcesBuildPhase;
			buildActionMask = 2147483647;
			files = (
				8C0C0D7C1C9BFE9B0011D2F1 /* PhotoCollectionViewCell.swift in Sources */,
				8C3E7A2F1C9A5E7000A9DC0F /* Photo.swift in Sources */,
				8C0C0D6C1C9BACC60011D2F1 /* NetworkManager.swift in Sources */,
				8C0C0D681C9BA6A20011D2F1 /* DataManager.swift in Sources */,
				8C0C0D741C9BAFEC0011D2F1 /* GCDBlackBox.swift in Sources */,
				8C3E7A2C1C9A5E7000A9DC0F /* Photo+CoreDataProperties.swift in Sources */,
				8C3E7A261C9A5E7000A9DC0F /* Location+CoreDataProperties.swift in Sources */,
				8C3E7A1F1C9A5D5B00A9DC0F /* PhotosViewController.swift in Sources */,
				8C3E7A291C9A5E7000A9DC0F /* Location.swift in Sources */,
				8C3251E41C998496009BA563 /* Virtual_TouristUITests.swift in Sources */,
				8C3E7A1B1C9A5D4B00A9DC0F /* MapViewController.swift in Sources */,
				8C0C0D781C9BDDE10011D2F1 /* Constants.swift in Sources */,
			);
			runOnlyForDeploymentPostprocessing = 0;
		};
/* End PBXSourcesBuildPhase section */

/* Begin PBXTargetDependency section */
		8C3251D61C998496009BA563 /* PBXTargetDependency */ = {
			isa = PBXTargetDependency;
			target = 8C3251BC1C998495009BA563 /* Virtual Tourist */;
			targetProxy = 8C3251D51C998496009BA563 /* PBXContainerItemProxy */;
		};
		8C3251E11C998496009BA563 /* PBXTargetDependency */ = {
			isa = PBXTargetDependency;
			target = 8C3251BC1C998495009BA563 /* Virtual Tourist */;
			targetProxy = 8C3251E01C998496009BA563 /* PBXContainerItemProxy */;
		};
/* End PBXTargetDependency section */

/* Begin PBXVariantGroup section */
		8C3251C41C998496009BA563 /* Main.storyboard */ = {
			isa = PBXVariantGroup;
			children = (
				8C3251C51C998496009BA563 /* Base */,
			);
			name = Main.storyboard;
			sourceTree = "<group>";
		};
		8C3251CC1C998496009BA563 /* LaunchScreen.storyboard */ = {
			isa = PBXVariantGroup;
			children = (
				8C3251CD1C998496009BA563 /* Base */,
			);
			name = LaunchScreen.storyboard;
			sourceTree = "<group>";
		};
/* End PBXVariantGroup section */

/* Begin XCBuildConfiguration section */
		8C3251E61C998496009BA563 /* Debug */ = {
			isa = XCBuildConfiguration;
			buildSettings = {
				ALWAYS_SEARCH_USER_PATHS = NO;
				CLANG_CXX_LANGUAGE_STANDARD = "gnu++0x";
				CLANG_CXX_LIBRARY = "libc++";
				CLANG_ENABLE_MODULES = YES;
				CLANG_ENABLE_OBJC_ARC = YES;
				CLANG_WARN_BOOL_CONVERSION = YES;
				CLANG_WARN_CONSTANT_CONVERSION = YES;
				CLANG_WARN_DIRECT_OBJC_ISA_USAGE = YES_ERROR;
				CLANG_WARN_EMPTY_BODY = YES;
				CLANG_WARN_ENUM_CONVERSION = YES;
				CLANG_WARN_INT_CONVERSION = YES;
				CLANG_WARN_OBJC_ROOT_CLASS = YES_ERROR;
				CLANG_WARN_UNREACHABLE_CODE = YES;
				CLANG_WARN__DUPLICATE_METHOD_MATCH = YES;
				"CODE_SIGN_IDENTITY[sdk=iphoneos*]" = "iPhone Developer";
				COPY_PHASE_STRIP = NO;
				DEBUG_INFORMATION_FORMAT = dwarf;
				ENABLE_STRICT_OBJC_MSGSEND = YES;
				ENABLE_TESTABILITY = YES;
				GCC_C_LANGUAGE_STANDARD = gnu99;
				GCC_DYNAMIC_NO_PIC = NO;
				GCC_NO_COMMON_BLOCKS = YES;
				GCC_OPTIMIZATION_LEVEL = 0;
				GCC_PREPROCESSOR_DEFINITIONS = (
					"DEBUG=1",
					"$(inherited)",
				);
				GCC_WARN_64_TO_32_BIT_CONVERSION = YES;
				GCC_WARN_ABOUT_RETURN_TYPE = YES_ERROR;
				GCC_WARN_UNDECLARED_SELECTOR = YES;
				GCC_WARN_UNINITIALIZED_AUTOS = YES_AGGRESSIVE;
				GCC_WARN_UNUSED_FUNCTION = YES;
				GCC_WARN_UNUSED_VARIABLE = YES;
				IPHONEOS_DEPLOYMENT_TARGET = 9.2;
				MTL_ENABLE_DEBUG_INFO = YES;
				ONLY_ACTIVE_ARCH = YES;
				SDKROOT = iphoneos;
				SWIFT_OPTIMIZATION_LEVEL = "-Onone";
			};
			name = Debug;
		};
		8C3251E71C998496009BA563 /* Release */ = {
			isa = XCBuildConfiguration;
			buildSettings = {
				ALWAYS_SEARCH_USER_PATHS = NO;
				CLANG_CXX_LANGUAGE_STANDARD = "gnu++0x";
				CLANG_CXX_LIBRARY = "libc++";
				CLANG_ENABLE_MODULES = YES;
				CLANG_ENABLE_OBJC_ARC = YES;
				CLANG_WARN_BOOL_CONVERSION = YES;
				CLANG_WARN_CONSTANT_CONVERSION = YES;
				CLANG_WARN_DIRECT_OBJC_ISA_USAGE = YES_ERROR;
				CLANG_WARN_EMPTY_BODY = YES;
				CLANG_WARN_ENUM_CONVERSION = YES;
				CLANG_WARN_INT_CONVERSION = YES;
				CLANG_WARN_OBJC_ROOT_CLASS = YES_ERROR;
				CLANG_WARN_UNREACHABLE_CODE = YES;
				CLANG_WARN__DUPLICATE_METHOD_MATCH = YES;
				"CODE_SIGN_IDENTITY[sdk=iphoneos*]" = "iPhone Developer";
				COPY_PHASE_STRIP = NO;
				DEBUG_INFORMATION_FORMAT = "dwarf-with-dsym";
				ENABLE_NS_ASSERTIONS = NO;
				ENABLE_STRICT_OBJC_MSGSEND = YES;
				GCC_C_LANGUAGE_STANDARD = gnu99;
				GCC_NO_COMMON_BLOCKS = YES;
				GCC_WARN_64_TO_32_BIT_CONVERSION = YES;
				GCC_WARN_ABOUT_RETURN_TYPE = YES_ERROR;
				GCC_WARN_UNDECLARED_SELECTOR = YES;
				GCC_WARN_UNINITIALIZED_AUTOS = YES_AGGRESSIVE;
				GCC_WARN_UNUSED_FUNCTION = YES;
				GCC_WARN_UNUSED_VARIABLE = YES;
				IPHONEOS_DEPLOYMENT_TARGET = 9.2;
				MTL_ENABLE_DEBUG_INFO = NO;
				SDKROOT = iphoneos;
				VALIDATE_PRODUCT = YES;
			};
			name = Release;
		};
		8C3251E91C998496009BA563 /* Debug */ = {
			isa = XCBuildConfiguration;
			baseConfigurationReference = 91BC92F9DB1A63B75B0DA326 /* Pods-Virtual Tourist.debug.xcconfig */;
			buildSettings = {
				ASSETCATALOG_COMPILER_APPICON_NAME = AppIcon;
				INFOPLIST_FILE = "Virtual Tourist/Info.plist";
				LD_RUNPATH_SEARCH_PATHS = "$(inherited) @executable_path/Frameworks";
				PRODUCT_BUNDLE_IDENTIFIER = "com.jovitoroyeca.Virtual-Tourist";
				PRODUCT_NAME = "$(TARGET_NAME)";
			};
			name = Debug;
		};
		8C3251EA1C998496009BA563 /* Release */ = {
			isa = XCBuildConfiguration;
			baseConfigurationReference = A4FEAF197F3472C1D789B6A4 /* Pods-Virtual Tourist.release.xcconfig */;
			buildSettings = {
				ASSETCATALOG_COMPILER_APPICON_NAME = AppIcon;
				INFOPLIST_FILE = "Virtual Tourist/Info.plist";
				LD_RUNPATH_SEARCH_PATHS = "$(inherited) @executable_path/Frameworks";
				PRODUCT_BUNDLE_IDENTIFIER = "com.jovitoroyeca.Virtual-Tourist";
				PRODUCT_NAME = "$(TARGET_NAME)";
			};
			name = Release;
		};
		8C3251EC1C998496009BA563 /* Debug */ = {
			isa = XCBuildConfiguration;
			baseConfigurationReference = 493FE387127D9705B0B295DA /* Pods-Virtual TouristTests.debug.xcconfig */;
			buildSettings = {
				BUNDLE_LOADER = "$(TEST_HOST)";
				INFOPLIST_FILE = "Virtual TouristTests/Info.plist";
				LD_RUNPATH_SEARCH_PATHS = "$(inherited) @executable_path/Frameworks @loader_path/Frameworks";
				PRODUCT_BUNDLE_IDENTIFIER = "com.jovitoroyeca.Virtual-TouristTests";
				PRODUCT_NAME = "$(TARGET_NAME)";
				TEST_HOST = "$(BUILT_PRODUCTS_DIR)/Virtual Tourist.app/Virtual Tourist";
			};
			name = Debug;
		};
		8C3251ED1C998496009BA563 /* Release */ = {
			isa = XCBuildConfiguration;
			baseConfigurationReference = 69A8616ABA7BA0D8C6B9F660 /* Pods-Virtual TouristTests.release.xcconfig */;
			buildSettings = {
				BUNDLE_LOADER = "$(TEST_HOST)";
				INFOPLIST_FILE = "Virtual TouristTests/Info.plist";
				LD_RUNPATH_SEARCH_PATHS = "$(inherited) @executable_path/Frameworks @loader_path/Frameworks";
				PRODUCT_BUNDLE_IDENTIFIER = "com.jovitoroyeca.Virtual-TouristTests";
				PRODUCT_NAME = "$(TARGET_NAME)";
				TEST_HOST = "$(BUILT_PRODUCTS_DIR)/Virtual Tourist.app/Virtual Tourist";
			};
			name = Release;
		};
		8C3251EF1C998496009BA563 /* Debug */ = {
			isa = XCBuildConfiguration;
			baseConfigurationReference = A61FB137736A2D65A1D6FD69 /* Pods-Virtual TouristUITests.debug.xcconfig */;
			buildSettings = {
				INFOPLIST_FILE = "Virtual TouristUITests/Info.plist";
				LD_RUNPATH_SEARCH_PATHS = "$(inherited) @executable_path/Frameworks @loader_path/Frameworks";
				PRODUCT_BUNDLE_IDENTIFIER = "com.jovitoroyeca.Virtual-TouristUITests";
				PRODUCT_NAME = "$(TARGET_NAME)";
				TEST_TARGET_NAME = "Virtual Tourist";
				USES_XCTRUNNER = YES;
			};
			name = Debug;
		};
		8C3251F01C998496009BA563 /* Release */ = {
			isa = XCBuildConfiguration;
			baseConfigurationReference = 673A9B74C458E49AB08D7644 /* Pods-Virtual TouristUITests.release.xcconfig */;
			buildSettings = {
				INFOPLIST_FILE = "Virtual TouristUITests/Info.plist";
				LD_RUNPATH_SEARCH_PATHS = "$(inherited) @executable_path/Frameworks @loader_path/Frameworks";
				PRODUCT_BUNDLE_IDENTIFIER = "com.jovitoroyeca.Virtual-TouristUITests";
				PRODUCT_NAME = "$(TARGET_NAME)";
				TEST_TARGET_NAME = "Virtual Tourist";
				USES_XCTRUNNER = YES;
			};
			name = Release;
		};
/* End XCBuildConfiguration section */

/* Begin XCConfigurationList section */
		8C3251B81C998495009BA563 /* Build configuration list for PBXProject "Virtual Tourist" */ = {
			isa = XCConfigurationList;
			buildConfigurations = (
				8C3251E61C998496009BA563 /* Debug */,
				8C3251E71C998496009BA563 /* Release */,
			);
			defaultConfigurationIsVisible = 0;
			defaultConfigurationName = Release;
		};
		8C3251E81C998496009BA563 /* Build configuration list for PBXNativeTarget "Virtual Tourist" */ = {
			isa = XCConfigurationList;
			buildConfigurations = (
				8C3251E91C998496009BA563 /* Debug */,
				8C3251EA1C998496009BA563 /* Release */,
			);
			defaultConfigurationIsVisible = 0;
			defaultConfigurationName = Release;
		};
		8C3251EB1C998496009BA563 /* Build configuration list for PBXNativeTarget "Virtual TouristTests" */ = {
			isa = XCConfigurationList;
			buildConfigurations = (
				8C3251EC1C998496009BA563 /* Debug */,
				8C3251ED1C998496009BA563 /* Release */,
			);
			defaultConfigurationIsVisible = 0;
			defaultConfigurationName = Release;
		};
		8C3251EE1C998496009BA563 /* Build configuration list for PBXNativeTarget "Virtual TouristUITests" */ = {
			isa = XCConfigurationList;
			buildConfigurations = (
				8C3251EF1C998496009BA563 /* Debug */,
				8C3251F01C998496009BA563 /* Release */,
			);
			defaultConfigurationIsVisible = 0;
			defaultConfigurationName = Release;
		};
/* End XCConfigurationList section */

/* Begin XCVersionGroup section */
		8C3251C71C998496009BA563 /* Virtual_Tourist.xcdatamodeld */ = {
			isa = XCVersionGroup;
			children = (
				8C3251C81C998496009BA563 /* Virtual_Tourist.xcdatamodel */,
			);
			currentVersion = 8C3251C81C998496009BA563 /* Virtual_Tourist.xcdatamodel */;
			path = Virtual_Tourist.xcdatamodeld;
			sourceTree = "<group>";
			versionGroupType = wrapper.xcdatamodel;
		};
/* End XCVersionGroup section */
	};
	rootObject = 8C3251B51C998495009BA563 /* Project object */;
}
